
Microsoft Visual Studio Solution File, Format Version 12.00
# Visual Studio Version 16
VisualStudioVersion = 16.0.29920.165
MinimumVisualStudioVersion = 10.0.40219.1
Project("{9A19103F-16F7-4668-BE54-9A1E7A4F7556}") = "movie-rental-system.core", "movie-rental-system.core\movie-rental-system.core.csproj", "{82DD7BC7-20BB-4C1E-B6BA-C6B2A39E794F}"
EndProject
Project("{9A19103F-16F7-4668-BE54-9A1E7A4F7556}") = "movie-rental-system.api", "movie-rental-system.api\movie-rental-system.api.csproj", "{D8CE85CD-3BFE-4B74-AAF0-DCA481B66825}"
EndProject
Global
	GlobalSection(SolutionConfigurationPlatforms) = preSolution
		Debug|Any CPU = Debug|Any CPU
		Release|Any CPU = Release|Any CPU
	EndGlobalSection
	GlobalSection(ProjectConfigurationPlatforms) = postSolution
		{82DD7BC7-20BB-4C1E-B6BA-C6B2A39E794F}.Debug|Any CPU.ActiveCfg = Debug|Any CPU
		{82DD7BC7-20BB-4C1E-B6BA-C6B2A39E794F}.Debug|Any CPU.Build.0 = Debug|Any CPU
		{82DD7BC7-20BB-4C1E-B6BA-C6B2A39E794F}.Release|Any CPU.ActiveCfg = Release|Any CPU
		{82DD7BC7-20BB-4C1E-B6BA-C6B2A39E794F}.Release|Any CPU.Build.0 = Release|Any CPU
		{D8CE85CD-3BFE-4B74-AAF0-DCA481B66825}.Debug|Any CPU.ActiveCfg = Debug|Any CPU
		{D8CE85CD-3BFE-4B74-AAF0-DCA481B66825}.Debug|Any CPU.Build.0 = Debug|Any CPU
		{D8CE85CD-3BFE-4B74-AAF0-DCA481B66825}.Release|Any CPU.ActiveCfg = Release|Any CPU
		{D8CE85CD-3BFE-4B74-AAF0-DCA481B66825}.Release|Any CPU.Build.0 = Release|Any CPU
	EndGlobalSection
	GlobalSection(SolutionProperties) = preSolution
		HideSolutionNode = FALSE
	EndGlobalSection
	GlobalSection(ExtensibilityGlobals) = postSolution
		SolutionGuid = {9A1F8B50-E0DE-4B34-BF26-A6F64B34092E}
	EndGlobalSection
EndGlobal
